
Microsoft Visual Studio Solution File, Format Version 12.00
Project("{FAE04EC0-301F-11D3-BF4B-00C04F79EFBC}") = "Microservices.CAS", "Microservices.CAS\Microservices.CAS.csproj", "{86BC8277-2900-4925-B656-F6AB4DDAE112}"
EndProject
Project("{FAE04EC0-301F-11D3-BF4B-00C04F79EFBC}") = "Microservices.Gateway", "Microservices.Gateway\Microservices.Gateway.csproj", "{245C552E-F96F-4848-8089-2E211081B2AE}"
EndProject
Global
	GlobalSection(SolutionConfigurationPlatforms) = preSolution
		Debug|Any CPU = Debug|Any CPU
		Release|Any CPU = Release|Any CPU
	EndGlobalSection
	GlobalSection(ProjectConfigurationPlatforms) = postSolution
		{86BC8277-2900-4925-B656-F6AB4DDAE112}.Debug|Any CPU.ActiveCfg = Debug|Any CPU
		{86BC8277-2900-4925-B656-F6AB4DDAE112}.Debug|Any CPU.Build.0 = Debug|Any CPU
		{86BC8277-2900-4925-B656-F6AB4DDAE112}.Release|Any CPU.ActiveCfg = Release|Any CPU
		{86BC8277-2900-4925-B656-F6AB4DDAE112}.Release|Any CPU.Build.0 = Release|Any CPU
		{245C552E-F96F-4848-8089-2E211081B2AE}.Debug|Any CPU.ActiveCfg = Debug|Any CPU
		{245C552E-F96F-4848-8089-2E211081B2AE}.Debug|Any CPU.Build.0 = Debug|Any CPU
		{245C552E-F96F-4848-8089-2E211081B2AE}.Release|Any CPU.ActiveCfg = Release|Any CPU
		{245C552E-F96F-4848-8089-2E211081B2AE}.Release|Any CPU.Build.0 = Release|Any CPU
	EndGlobalSection
EndGlobal
